
Microsoft Visual Studio Solution File, Format Version 12.00
# Visual Studio Version 16
VisualStudioVersion = 16.0.29728.190
MinimumVisualStudioVersion = 10.0.40219.1
Project("{9A19103F-16F7-4668-BE54-9A1E7A4F7556}") = "AtCoder", "AtCoder\AtCoder.csproj", "{3211AF04-22AA-488A-B920-C5506A10E710}"
EndProject
Project("{9A19103F-16F7-4668-BE54-9A1E7A4F7556}") = "CopyCoder", "CopyCoder\CopyCoder\CopyCoder.csproj", "{AE3BCA32-4AB0-4B04-B7FF-C666A4103178}"
EndProject
Project("{9A19103F-16F7-4668-BE54-9A1E7A4F7556}") = "CopyCoder.Test", "CopyCoder\CopyCoder.Test\CopyCoder.Test.csproj", "{48555886-0302-4A35-AA76-0F93AB7D696F}"
EndProject
Project("{FAE04EC0-301F-11D3-BF4B-00C04F79EFBC}") = "CopyCoder.Vsix", "CopyCoder\CopyCoder.Vsix\CopyCoder.Vsix.csproj", "{187DF5E3-637D-46CC-AA80-078D7C93AEAB}"
EndProject
Global
	GlobalSection(SolutionConfigurationPlatforms) = preSolution
		Debug|Any CPU = Debug|Any CPU
		Release|Any CPU = Release|Any CPU
	EndGlobalSection
	GlobalSection(ProjectConfigurationPlatforms) = postSolution
		{3211AF04-22AA-488A-B920-C5506A10E710}.Debug|Any CPU.ActiveCfg = Debug|Any CPU
		{3211AF04-22AA-488A-B920-C5506A10E710}.Debug|Any CPU.Build.0 = Debug|Any CPU
		{3211AF04-22AA-488A-B920-C5506A10E710}.Release|Any CPU.ActiveCfg = Release|Any CPU
		{3211AF04-22AA-488A-B920-C5506A10E710}.Release|Any CPU.Build.0 = Release|Any CPU
		{AE3BCA32-4AB0-4B04-B7FF-C666A4103178}.Debug|Any CPU.ActiveCfg = Debug|Any CPU
		{AE3BCA32-4AB0-4B04-B7FF-C666A4103178}.Debug|Any CPU.Build.0 = Debug|Any CPU
		{AE3BCA32-4AB0-4B04-B7FF-C666A4103178}.Release|Any CPU.ActiveCfg = Release|Any CPU
		{AE3BCA32-4AB0-4B04-B7FF-C666A4103178}.Release|Any CPU.Build.0 = Release|Any CPU
		{48555886-0302-4A35-AA76-0F93AB7D696F}.Debug|Any CPU.ActiveCfg = Debug|Any CPU
		{48555886-0302-4A35-AA76-0F93AB7D696F}.Debug|Any CPU.Build.0 = Debug|Any CPU
		{48555886-0302-4A35-AA76-0F93AB7D696F}.Release|Any CPU.ActiveCfg = Release|Any CPU
		{48555886-0302-4A35-AA76-0F93AB7D696F}.Release|Any CPU.Build.0 = Release|Any CPU
		{187DF5E3-637D-46CC-AA80-078D7C93AEAB}.Debug|Any CPU.ActiveCfg = Debug|Any CPU
		{187DF5E3-637D-46CC-AA80-078D7C93AEAB}.Debug|Any CPU.Build.0 = Debug|Any CPU
		{187DF5E3-637D-46CC-AA80-078D7C93AEAB}.Release|Any CPU.ActiveCfg = Release|Any CPU
		{187DF5E3-637D-46CC-AA80-078D7C93AEAB}.Release|Any CPU.Build.0 = Release|Any CPU
	EndGlobalSection
	GlobalSection(SolutionProperties) = preSolution
		HideSolutionNode = FALSE
	EndGlobalSection
	GlobalSection(ExtensibilityGlobals) = postSolution
		SolutionGuid = {1E96D4D8-0C38-40D8-9E91-2B0B06D615EB}
	EndGlobalSection
EndGlobal
